
Microsoft Visual Studio Solution File, Format Version 12.00
# Visual Studio Version 17
VisualStudioVersion = 17.3.32819.101
MinimumVisualStudioVersion = 10.0.40219.1
Project("{8BC9CEB8-8B4A-11D0-8D11-00A0C91BC942}") = "array", "array\array.vcxproj", "{FF32BB0E-60C3-4F78-9B65-5A31841B0E6A}"
EndProject
Global
	GlobalSection(SolutionConfigurationPlatforms) = preSolution
		Debug|x64 = Debug|x64
		Debug|x86 = Debug|x86
		Release|x64 = Release|x64
		Release|x86 = Release|x86
	EndGlobalSection
	GlobalSection(ProjectConfigurationPlatforms) = postSolution
		{FF32BB0E-60C3-4F78-9B65-5A31841B0E6A}.Debug|x64.ActiveCfg = Debug|x64
		{FF32BB0E-60C3-4F78-9B65-5A31841B0E6A}.Debug|x64.Build.0 = Debug|x64
		{FF32BB0E-60C3-4F78-9B65-5A31841B0E6A}.Debug|x86.ActiveCfg = Debug|Win32
		{FF32BB0E-60C3-4F78-9B65-5A31841B0E6A}.Debug|x86.Build.0 = Debug|Win32
		{FF32BB0E-60C3-4F78-9B65-5A31841B0E6A}.Release|x64.ActiveCfg = Release|x64
		{FF32BB0E-60C3-4F78-9B65-5A31841B0E6A}.Release|x64.Build.0 = Release|x64
		{FF32BB0E-60C3-4F78-9B65-5A31841B0E6A}.Release|x86.ActiveCfg = Release|Win32
		{FF32BB0E-60C3-4F78-9B65-5A31841B0E6A}.Release|x86.Build.0 = Release|Win32
	EndGlobalSection
	GlobalSection(SolutionProperties) = preSolution
		HideSolutionNode = FALSE
	EndGlobalSection
	GlobalSection(ExtensibilityGlobals) = postSolution
		SolutionGuid = {351EAA0B-45C0-4FD0-9C36-109478664975}
	EndGlobalSection
EndGlobal
